Microsoft Visual Studio Solution File, Format Version 12.00
# Visual Studio Version 17
VisualStudioVersion = 17.4.33403.182
MinimumVisualStudioVersion = 10.0.40219.1
Project("{FAE04EC0-301F-11D3-BF4B-00C04F79EFBC}") = "ImageScannerPicker", "ImageScannerPicker\ImageScannerPicker.csproj", "{5607499E-1BE0-403B-90E7-545E93B611F5}"
EndProject
Project("{FAE04EC0-301F-11D3-BF4B-00C04F79EFBC}") = "ImageScannerPicker.TestApplication", "ImageScannerPicker.TestApplication\ImageScannerPicker.TestApplication.csproj", "{B0CFC45D-5993-4F9E-AF1E-76C9C7AD3298}"
	ProjectSection(ProjectDependencies) = postProject
		{304BFE28-E626-4530-9E9C-A61A867D7347} = {304BFE28-E626-4530-9E9C-A61A867D7347}
		{343AB40D-EA17-464E-A949-BDCEC1C9FB9A} = {343AB40D-EA17-464E-A949-BDCEC1C9FB9A}
		{91571AF1-BE05-435F-891D-C46085D77901} = {91571AF1-BE05-435F-891D-C46085D77901}
		{ADC437B5-3B8D-45EE-9659-53DC2BBEB409} = {ADC437B5-3B8D-45EE-9659-53DC2BBEB409}
	EndProjectSection
EndProject
Project("{FAE04EC0-301F-11D3-BF4B-00C04F79EFBC}") = "ImageScannerPicker.DynamsoftTwainAdaptor", "ImageScannerPicker.DynamsoftTwainAdaptor\ImageScannerPicker.DynamsoftTwainAdaptor.csproj", "{ADC437B5-3B8D-45EE-9659-53DC2BBEB409}"
EndProject
Project("{FAE04EC0-301F-11D3-BF4B-00C04F79EFBC}") = "ImageScannerPicker.ScanAxLibAdaptor", "ImageScannerPicker.ScanAxLibAdaptor\ImageScannerPicker.ScanAxLibAdaptor.csproj", "{45E862A9-2E9C-47DF-8821-67F557BAB725}"
EndProject
Project("{FAE04EC0-301F-11D3-BF4B-00C04F79EFBC}") = "ImageScannerPicker.NTwainAdaptor", "ImageScannerPicker.NTwainAdaptor\ImageScannerPicker.NTwainAdaptor.csproj", "{304BFE28-E626-4530-9E9C-A61A867D7347}"
EndProject
Project("{FAE04EC0-301F-11D3-BF4B-00C04F79EFBC}") = "ImageScannerPicker.AtalasoftTwainX64Adaptor", "ImageScannerPicker.AtalasoftTwainX64Adaptor\ImageScannerPicker.AtalasoftTwainX64Adaptor.csproj", "{91571AF1-BE05-435F-891D-C46085D77901}"
EndProject
Project("{FAE04EC0-301F-11D3-BF4B-00C04F79EFBC}") = "ImageScannerPicker.AtalasoftTwainX86Adaptor", "ImageScannerPicker.AtalasoftTwainX86Adaptor\ImageScannerPicker.AtalasoftTwainX86Adaptor.csproj", "{343AB40D-EA17-464E-A949-BDCEC1C9FB9A}"
EndProject
Global
	GlobalSection(SolutionConfigurationPlatforms) = preSolution
		Debug|Any CPU = Debug|Any CPU
		Debug|x86 = Debug|x86
		Release|Any CPU = Release|Any CPU
		Release|x86 = Release|x86
	EndGlobalSection
	GlobalSection(ProjectConfigurationPlatforms) = postSolution
		{5607499E-1BE0-403B-90E7-545E93B611F5}.Debug|Any CPU.ActiveCfg = Debug|Any CPU
		{5607499E-1BE0-403B-90E7-545E93B611F5}.Debug|Any CPU.Build.0 = Debug|Any CPU
		{5607499E-1BE0-403B-90E7-545E93B611F5}.Debug|x86.ActiveCfg = Debug|x86
		{5607499E-1BE0-403B-90E7-545E93B611F5}.Debug|x86.Build.0 = Debug|x86
		{5607499E-1BE0-403B-90E7-545E93B611F5}.Release|Any CPU.ActiveCfg = Release|Any CPU
		{5607499E-1BE0-403B-90E7-545E93B611F5}.Release|Any CPU.Build.0 = Release|Any CPU
		{5607499E-1BE0-403B-90E7-545E93B611F5}.Release|x86.ActiveCfg = Release|x86
		{5607499E-1BE0-403B-90E7-545E93B611F5}.Release|x86.Build.0 = Release|x86
		{B0CFC45D-5993-4F9E-AF1E-76C9C7AD3298}.Debug|Any CPU.ActiveCfg = Debug|Any CPU
		{B0CFC45D-5993-4F9E-AF1E-76C9C7AD3298}.Debug|Any CPU.Build.0 = Debug|Any CPU
		{B0CFC45D-5993-4F9E-AF1E-76C9C7AD3298}.Debug|x86.ActiveCfg = Debug|x86
		{B0CFC45D-5993-4F9E-AF1E-76C9C7AD3298}.Debug|x86.Build.0 = Debug|x86
		{B0CFC45D-5993-4F9E-AF1E-76C9C7AD3298}.Release|Any CPU.ActiveCfg = Release|Any CPU
		{B0CFC45D-5993-4F9E-AF1E-76C9C7AD3298}.Release|Any CPU.Build.0 = Release|Any CPU
		{B0CFC45D-5993-4F9E-AF1E-76C9C7AD3298}.Release|x86.ActiveCfg = Release|x86
		{B0CFC45D-5993-4F9E-AF1E-76C9C7AD3298}.Release|x86.Build.0 = Release|x86
		{ADC437B5-3B8D-45EE-9659-53DC2BBEB409}.Debug|Any CPU.ActiveCfg = Debug|Any CPU
		{ADC437B5-3B8D-45EE-9659-53DC2BBEB409}.Debug|Any CPU.Build.0 = Debug|Any CPU
		{ADC437B5-3B8D-45EE-9659-53DC2BBEB409}.Debug|x86.ActiveCfg = Debug|x86
		{ADC437B5-3B8D-45EE-9659-53DC2BBEB409}.Debug|x86.Build.0 = Debug|x86
		{ADC437B5-3B8D-45EE-9659-53DC2BBEB409}.Release|Any CPU.ActiveCfg = Release|Any CPU
		{ADC437B5-3B8D-45EE-9659-53DC2BBEB409}.Release|Any CPU.Build.0 = Release|Any CPU
		{ADC437B5-3B8D-45EE-9659-53DC2BBEB409}.Release|x86.ActiveCfg = Release|x86
		{ADC437B5-3B8D-45EE-9659-53DC2BBEB409}.Release|x86.Build.0 = Release|x86
		{45E862A9-2E9C-47DF-8821-67F557BAB725}.Debug|Any CPU.ActiveCfg = Debug|x86
		{45E862A9-2E9C-47DF-8821-67F557BAB725}.Debug|x86.ActiveCfg = Debug|x86
		{45E862A9-2E9C-47DF-8821-67F557BAB725}.Debug|x86.Build.0 = Debug|x86
		{45E862A9-2E9C-47DF-8821-67F557BAB725}.Release|Any CPU.ActiveCfg = Release|x86
		{45E862A9-2E9C-47DF-8821-67F557BAB725}.Release|x86.ActiveCfg = Release|x86
		{45E862A9-2E9C-47DF-8821-67F557BAB725}.Release|x86.Build.0 = Release|x86
		{304BFE28-E626-4530-9E9C-A61A867D7347}.Debug|Any CPU.ActiveCfg = Debug|Any CPU
		{304BFE28-E626-4530-9E9C-A61A867D7347}.Debug|Any CPU.Build.0 = Debug|Any CPU
		{304BFE28-E626-4530-9E9C-A61A867D7347}.Debug|x86.ActiveCfg = Debug|x86
		{304BFE28-E626-4530-9E9C-A61A867D7347}.Debug|x86.Build.0 = Debug|x86
		{304BFE28-E626-4530-9E9C-A61A867D7347}.Release|Any CPU.ActiveCfg = Release|Any CPU
		{304BFE28-E626-4530-9E9C-A61A867D7347}.Release|Any CPU.Build.0 = Release|Any CPU
		{304BFE28-E626-4530-9E9C-A61A867D7347}.Release|x86.ActiveCfg = Release|Any CPU
		{304BFE28-E626-4530-9E9C-A61A867D7347}.Release|x86.Build.0 = Release|Any CPU
		{91571AF1-BE05-435F-891D-C46085D77901}.Debug|Any CPU.ActiveCfg = Debug|Any CPU
		{91571AF1-BE05-435F-891D-C46085D77901}.Debug|Any CPU.Build.0 = Debug|Any CPU
		{91571AF1-BE05-435F-891D-C46085D77901}.Debug|x86.ActiveCfg = Debug|Any CPU
		{91571AF1-BE05-435F-891D-C46085D77901}.Release|Any CPU.ActiveCfg = Release|Any CPU
		{91571AF1-BE05-435F-891D-C46085D77901}.Release|Any CPU.Build.0 = Release|Any CPU
		{91571AF1-BE05-435F-891D-C46085D77901}.Release|x86.ActiveCfg = Release|Any CPU
		{343AB40D-EA17-464E-A949-BDCEC1C9FB9A}.Debug|Any CPU.ActiveCfg = Debug|Any CPU
		{343AB40D-EA17-464E-A949-BDCEC1C9FB9A}.Debug|x86.ActiveCfg = Debug|Any CPU
		{343AB40D-EA17-464E-A949-BDCEC1C9FB9A}.Debug|x86.Build.0 = Debug|Any CPU
		{343AB40D-EA17-464E-A949-BDCEC1C9FB9A}.Release|Any CPU.ActiveCfg = Release|Any CPU
		{343AB40D-EA17-464E-A949-BDCEC1C9FB9A}.Release|x86.ActiveCfg = Release|Any CPU
		{343AB40D-EA17-464E-A949-BDCEC1C9FB9A}.Release|x86.Build.0 = Release|Any CPU
	EndGlobalSection
	GlobalSection(SolutionProperties) = preSolution
		HideSolutionNode = FALSE
	EndGlobalSection
	GlobalSection(ExtensibilityGlobals) = postSolution
		SolutionGuid = {16456095-BB5C-4A22-A847-9C2CB0E704A9}
	EndGlobalSection
EndGlobal
